{
  "lockfile_version": "1",
  "packages": {
    "github:NixOS/nixpkgs/nixpkgs-unstable": {
      "last_modified": "2026-06-06T12:12:42Z",
      "resolved": "github:NixOS/nixpkgs/cbb5cf358f50aa6acc9efd6113b7bcfbc352cd73?lastModified=1780747962&narHash=sha256-IX7G1dlKrOqPOImfbo7ADDfV5yU1%2Bj%2BMRChI3TL4tAA%3D"
    },
    "go@1.26": {
      "last_modified": "2026-05-21T08:15:18Z",
      "resolved": "github:NixOS/nixpkgs/4a29d733e8a7d5b824c3d8c958a946a9867b3eb2#go",
      "source": "devbox-search",
      "version": "1.26.3",
      "systems": {
        "aarch64-darwin": {
          "outputs": [
            {
              "name": "out",
              "path": "/nix/store/7ycp8j45iay38g9mjaxmy4jhwdsrb47y-go-1.26.3",
              "default": true
            }
          ],
          "store_path": "/nix/store/7ycp8j45iay38g9mjaxmy4jhwdsrb47y-go-1.26.3"
        },
        "aarch64-linux": {
          "outputs": [
            {
              "name": "out",
              "path": "/nix/store/jkcwcbwvhgzmxg59798z4clmj4bfv42i-go-1.26.3",
              "default": true
            }
          ],
          "store_path": "/nix/store/jkcwcbwvhgzmxg59798z4clmj4bfv42i-go-1.26.3"
        },
        "x86_64-darwin": {
          "outputs": [
            {
              "name": "out",
              "path": "/nix/store/3f2jzvxmhhlarjqxy1p7i9r5l34siz29-go-1.26.3",
              "default": true
            }
          ],
          "store_path": "/nix/store/3f2jzvxmhhlarjqxy1p7i9r5l34siz29-go-1.26.3"
        },
        "x86_64-linux": {
          "outputs": [
            {
              "name": "out",
              "path": "/nix/store/33fw5m31lfcnk4ff2f0df7j2bxnh8lgk-go-1.26.3",
              "default": true
            }
          ],
          "store_path": "/nix/store/33fw5m31lfcnk4ff2f0df7j2bxnh8lgk-go-1.26.3"
        }
      }
    },
    "gradle@8.14.4": {
      "last_modified": "2026-05-21T08:15:18Z",
      "plugin_version": "0.0.1",
      "resolved": "github:NixOS/nixpkgs/4a29d733e8a7d5b824c3d8c958a946a9867b3eb2#gradle",
      "source": "devbox-search",
      "version": "8.14.4",
      "systems": {
        "aarch64-darwin": {
          "outputs": [
            {
              "name": "out",
              "path": "/nix/store/aw6qljbxnj0awzzcsh61kxmgqifnvnvk-gradle-8.14.4",
              "default": true
            }
          ],
          "store_path": "/nix/store/aw6qljbxnj0awzzcsh61kxmgqifnvnvk-gradle-8.14.4"
        },
        "aarch64-linux": {
          "outputs": [
            {
              "name": "out",
              "path": "/nix/store/4rbvgkk1pw4v2rsz0jr7i3gp1xq565hs-gradle-8.14.4",
              "default": true
            }
          ],
          "store_path": "/nix/store/4rbvgkk1pw4v2rsz0jr7i3gp1xq565hs-gradle-8.14.4"
        },
        "x86_64-darwin": {
          "outputs": [
            {
              "name": "out",
              "path": "/nix/store/sfcgdgq7ffzp0vmbijahsbcb6k0c8jmh-gradle-8.14.4",
              "default": true
            }
          ],
          "store_path": "/nix/store/sfcgdgq7ffzp0vmbijahsbcb6k0c8jmh-gradle-8.14.4"
        },
        "x86_64-linux": {
          "outputs": [
            {
              "name": "out",
              "path": "/nix/store/npzf468wf93gijr7fcksa5mc7bl2zmln-gradle-8.14.4",
              "default": true
            }
          ],
          "store_path": "/nix/store/npzf468wf93gijr7fcksa5mc7bl2zmln-gradle-8.14.4"
        }
      }
    },
    "php83@8.3.31": {
      "last_modified": "2026-05-11T00:16:55Z",
      "plugin_version": "0.0.3",
      "resolved": "github:NixOS/nixpkgs/c6e5ca3c836a5f4dd9af9f2c1fc1c38f0fac988a#php83",
      "source": "devbox-search",
      "version": "8.3.31",
      "systems": {
        "aarch64-darwin": {
          "outputs": [
            {
              "name": "out",
              "path": "/nix/store/z08nzd1f53ld6harjzii6k6ri9720m37-php-with-extensions-8.3.31",
              "default": true
            }
          ],
          "store_path": "/nix/store/z08nzd1f53ld6harjzii6k6ri9720m37-php-with-extensions-8.3.31"
        },
        "aarch64-linux": {
          "outputs": [
            {
              "name": "out",
              "path": "/nix/store/nsa7mji0zhyifxhdf0ik78wrs5mzflqk-php-with-extensions-8.3.31",
              "default": true
            }
          ],
          "store_path": "/nix/store/nsa7mji0zhyifxhdf0ik78wrs5mzflqk-php-with-extensions-8.3.31"
        },
        "x86_64-darwin": {
          "outputs": [
            {
              "name": "out",
              "path": "/nix/store/fg1khjmw7qpazsj3r59l48ky6m7g1sqd-php-with-extensions-8.3.31",
              "default": true
            }
          ],
          "store_path": "/nix/store/fg1khjmw7qpazsj3r59l48ky6m7g1sqd-php-with-extensions-8.3.31"
        },
        "x86_64-linux": {
          "outputs": [
            {
              "name": "out",
              "path": "/nix/store/fhdsb85js5j4s4cqrd2b4mh4qkagaf8k-php-with-extensions-8.3.31",
              "default": true
            }
          ],
          "store_path": "/nix/store/fhdsb85js5j4s4cqrd2b4mh4qkagaf8k-php-with-extensions-8.3.31"
        }
      }
    },
    "php83Packages.composer@2.9.8": {
      "last_modified": "2026-05-21T08:15:18Z",
      "resolved": "github:NixOS/nixpkgs/4a29d733e8a7d5b824c3d8c958a946a9867b3eb2#php83Packages.composer",
      "source": "devbox-search",
      "version": "2.9.8",
      "systems": {
        "aarch64-darwin": {
          "outputs": [
            {
              "name": "out",
              "path": "/nix/store/rsjzsg4ldkbw86i3y698g6p72q2agqgr-composer-2.9.8",
              "default": true
            }
          ],
          "store_path": "/nix/store/rsjzsg4ldkbw86i3y698g6p72q2agqgr-composer-2.9.8"
        },
        "aarch64-linux": {
          "outputs": [
            {
              "name": "out",
              "path": "/nix/store/6ikssxagflq50mhnyqd7sjqbvrvzjxi4-composer-2.9.8",
              "default": true
            }
          ],
          "store_path": "/nix/store/6ikssxagflq50mhnyqd7sjqbvrvzjxi4-composer-2.9.8"
        },
        "x86_64-darwin": {
          "outputs": [
            {
              "name": "out",
              "path": "/nix/store/jg80mcfvdgkdwljawjac7x8v39fs61d4-composer-2.9.8",
              "default": true
            }
          ],
          "store_path": "/nix/store/jg80mcfvdgkdwljawjac7x8v39fs61d4-composer-2.9.8"
        },
        "x86_64-linux": {
          "outputs": [
            {
              "name": "out",
              "path": "/nix/store/a09i3l9970xcrpnwnxjk97xi04y0c8lp-composer-2.9.8",
              "default": true
            }
          ],
          "store_path": "/nix/store/a09i3l9970xcrpnwnxjk97xi04y0c8lp-composer-2.9.8"
        }
      }
    },
    "php83Packages.phpstan@2.1.1": {
      "last_modified": "2025-07-28T17:09:23Z",
      "resolved": "github:NixOS/nixpkgs/648f70160c03151bc2121d179291337ad6bc564b#php83Packages.phpstan",
      "source": "devbox-search",
      "version": "2.1.19",
      "systems": {
        "aarch64-darwin": {
          "outputs": [
            {
              "name": "out",
              "path": "/nix/store/63f8a7yncm85c30snxdhgk7jd0aqv748-phpstan-2.1.19",
              "default": true
            }
          ],
          "store_path": "/nix/store/63f8a7yncm85c30snxdhgk7jd0aqv748-phpstan-2.1.19"
        },
        "aarch64-linux": {
          "outputs": [
            {
              "name": "out",
              "path": "/nix/store/svz9brh5y3c3s13vl5g2isrkh42i2xyw-phpstan-2.1.19",
              "default": true
            }
          ],
          "store_path": "/nix/store/svz9brh5y3c3s13vl5g2isrkh42i2xyw-phpstan-2.1.19"
        },
        "x86_64-darwin": {
          "outputs": [
            {
              "name": "out",
              "path": "/nix/store/yblfk9k6173wng9wc6d2x5gc6pn4lb37-phpstan-2.1.19",
              "default": true
            }
          ],
          "store_path": "/nix/store/yblfk9k6173wng9wc6d2x5gc6pn4lb37-phpstan-2.1.19"
        },
        "x86_64-linux": {
          "outputs": [
            {
              "name": "out",
              "path": "/nix/store/bskdharg4a6iv4s2brpn0hci0447y1ra-phpstan-2.1.19",
              "default": true
            }
          ],
          "store_path": "/nix/store/bskdharg4a6iv4s2brpn0hci0447y1ra-phpstan-2.1.19"
        }
      }
    },
    "python312@3.12.13": {
      "last_modified": "2026-05-21T08:15:18Z",
      "plugin_version": "0.0.4",
      "resolved": "github:NixOS/nixpkgs/4a29d733e8a7d5b824c3d8c958a946a9867b3eb2#python312",
      "source": "devbox-search",
      "version": "3.12.13",
      "systems": {
        "aarch64-darwin": {
          "outputs": [
            {
              "name": "out",
              "path": "/nix/store/p1b85dd3syy1yx8q039m1c6v2x2l4w0a-python3-3.12.13",
              "default": true
            }
          ],
          "store_path": "/nix/store/p1b85dd3syy1yx8q039m1c6v2x2l4w0a-python3-3.12.13"
        },
        "aarch64-linux": {
          "outputs": [
            {
              "name": "out",
              "path": "/nix/store/hvmbr5s05b0kzalrdvk53k1nvms9fws7-python3-3.12.13",
              "default": true
            },
            {
              "name": "debug",
              "path": "/nix/store/59b6ynipns38i2d974mwpvkzgyldhw0y-python3-3.12.13-debug"
            }
          ],
          "store_path": "/nix/store/hvmbr5s05b0kzalrdvk53k1nvms9fws7-python3-3.12.13"
        },
        "x86_64-darwin": {
          "outputs": [
            {
              "name": "out",
              "path": "/nix/store/zsi2pspagafyx1mi64g6mbf2aj2dxmci-python3-3.12.13",
              "default": true
            }
          ],
          "store_path": "/nix/store/zsi2pspagafyx1mi64g6mbf2aj2dxmci-python3-3.12.13"
        },
        "x86_64-linux": {
          "outputs": [
            {
              "name": "out",
              "path": "/nix/store/lpgczl8hqnjlkicsphcylqfgds7dqc13-python3-3.12.13",
              "default": true
            },
            {
              "name": "debug",
              "path": "/nix/store/3vpaljklkxfb4kpzigwci6ls78a2wbw1-python3-3.12.13-debug"
            }
          ],
          "store_path": "/nix/store/lpgczl8hqnjlkicsphcylqfgds7dqc13-python3-3.12.13"
        }
      }
    },
    "yarn@1.22": {
      "last_modified": "2026-05-21T08:15:18Z",
      "resolved": "github:NixOS/nixpkgs/4a29d733e8a7d5b824c3d8c958a946a9867b3eb2#yarn",
      "source": "devbox-search",
      "version": "1.22.22",
      "systems": {
        "aarch64-darwin": {
          "outputs": [
            {
              "name": "out",
              "path": "/nix/store/lqy5dclc9x809r5hd474sa8pr904205b-yarn-1.22.22",
              "default": true
            }
          ],
          "store_path": "/nix/store/lqy5dclc9x809r5hd474sa8pr904205b-yarn-1.22.22"
        },
        "aarch64-linux": {
          "outputs": [
            {
              "name": "out",
              "path": "/nix/store/q12qjvf4g8zxpw2dd0pbw2cxv2bk608q-yarn-1.22.22",
              "default": true
            }
          ],
          "store_path": "/nix/store/q12qjvf4g8zxpw2dd0pbw2cxv2bk608q-yarn-1.22.22"
        },
        "x86_64-darwin": {
          "outputs": [
            {
              "name": "out",
              "path": "/nix/store/y972fn9z79dhgmv1zwl6zahjh2x80vl6-yarn-1.22.22",
              "default": true
            }
          ],
          "store_path": "/nix/store/y972fn9z79dhgmv1zwl6zahjh2x80vl6-yarn-1.22.22"
        },
        "x86_64-linux": {
          "outputs": [
            {
              "name": "out",
              "path": "/nix/store/ih3inzyxsw3ls23zs2zcrjnn1k1jvygm-yarn-1.22.22",
              "default": true
            }
          ],
          "store_path": "/nix/store/ih3inzyxsw3ls23zs2zcrjnn1k1jvygm-yarn-1.22.22"
        }
      }
    }
  }
}
