{
  "lockfile_version": "1",
  "packages": {
    "go@1.23": {
      "last_modified": "2025-01-19T08:16:51Z",
      "resolved": "github:NixOS/nixpkgs/50165c4f7eb48ce82bd063e1fb8047a0f515f8ce#go",
      "source": "devbox-search",
      "version": "1.23.4",
      "systems": {
        "aarch64-darwin": {
          "outputs": [
            {
              "name": "out",
              "path": "/nix/store/lg7l1czmd5hqwwhjszprdz342q98zmkw-go-1.23.4",
              "default": true
            }
          ],
          "store_path": "/nix/store/lg7l1czmd5hqwwhjszprdz342q98zmkw-go-1.23.4"
        },
        "aarch64-linux": {
          "outputs": [
            {
              "name": "out",
              "path": "/nix/store/2x7k6yj9z37s3d3x5j3kkz6bcak8k9qr-go-1.23.4",
              "default": true
            }
          ],
          "store_path": "/nix/store/2x7k6yj9z37s3d3x5j3kkz6bcak8k9qr-go-1.23.4"
        },
        "x86_64-darwin": {
          "outputs": [
            {
              "name": "out",
              "path": "/nix/store/8x0ag0v37rfy9z58a8yy3hakj3dzdr9c-go-1.23.4",
              "default": true
            }
          ],
          "store_path": "/nix/store/8x0ag0v37rfy9z58a8yy3hakj3dzdr9c-go-1.23.4"
        },
        "x86_64-linux": {
          "outputs": [
            {
              "name": "out",
              "path": "/nix/store/0b6vsy4fa4i4qpk1011hi6251nwdg5y8-go-1.23.4",
              "default": true
            }
          ],
          "store_path": "/nix/store/0b6vsy4fa4i4qpk1011hi6251nwdg5y8-go-1.23.4"
        }
      }
    },
    "gradle@8.10": {
      "last_modified": "2024-12-23T21:10:33Z",
      "plugin_version": "0.0.1",
      "resolved": "github:NixOS/nixpkgs/de1864217bfa9b5845f465e771e0ecb48b30e02d#gradle",
      "source": "devbox-search",
      "version": "8.10.2",
      "systems": {
        "aarch64-darwin": {
          "outputs": [
            {
              "name": "out",
              "path": "/nix/store/qaqy7q4z090a9w5jb68ly3ly6y230bma-gradle-8.10.2",
              "default": true
            }
          ],
          "store_path": "/nix/store/qaqy7q4z090a9w5jb68ly3ly6y230bma-gradle-8.10.2"
        },
        "aarch64-linux": {
          "outputs": [
            {
              "name": "out",
              "path": "/nix/store/41vhf9cds08zcda11ns01hspgh6gy2cq-gradle-8.10.2",
              "default": true
            }
          ],
          "store_path": "/nix/store/41vhf9cds08zcda11ns01hspgh6gy2cq-gradle-8.10.2"
        },
        "x86_64-darwin": {
          "outputs": [
            {
              "name": "out",
              "path": "/nix/store/56r2y0g6np03kx09xdbjl0ygayaflq17-gradle-8.10.2",
              "default": true
            }
          ],
          "store_path": "/nix/store/56r2y0g6np03kx09xdbjl0ygayaflq17-gradle-8.10.2"
        },
        "x86_64-linux": {
          "outputs": [
            {
              "name": "out",
              "path": "/nix/store/fmbj0737a49wysc93z9m68fzd4rshjlp-gradle-8.10.2",
              "default": true
            }
          ],
          "store_path": "/nix/store/fmbj0737a49wysc93z9m68fzd4rshjlp-gradle-8.10.2"
        }
      }
    },
    "php83Packages.composer@2.7": {
      "last_modified": "2024-10-02T21:32:52Z",
      "resolved": "github:NixOS/nixpkgs/fd698a4ab779fb7fb95425f1b56974ba9c2fa16c#php83Packages.composer",
      "source": "devbox-search",
      "version": "2.7.9",
      "systems": {
        "aarch64-darwin": {
          "outputs": [
            {
              "name": "out",
              "path": "/nix/store/s7n47h9xp19sgbvajyrqgwdl420pddqh-composer-2.7.9",
              "default": true
            }
          ],
          "store_path": "/nix/store/s7n47h9xp19sgbvajyrqgwdl420pddqh-composer-2.7.9"
        },
        "aarch64-linux": {
          "outputs": [
            {
              "name": "out",
              "path": "/nix/store/g6a0z92yr8pmay8jrsddvffd5whk1njk-composer-2.7.9",
              "default": true
            }
          ],
          "store_path": "/nix/store/g6a0z92yr8pmay8jrsddvffd5whk1njk-composer-2.7.9"
        },
        "x86_64-darwin": {
          "outputs": [
            {
              "name": "out",
              "path": "/nix/store/mbrshzf58k6843kg852ab717frd41z8v-composer-2.7.9",
              "default": true
            }
          ],
          "store_path": "/nix/store/mbrshzf58k6843kg852ab717frd41z8v-composer-2.7.9"
        },
        "x86_64-linux": {
          "outputs": [
            {
              "name": "out",
              "path": "/nix/store/xr2p0ghgny9bgbrdqgv5z38nsp0zlnp0-composer-2.7.9",
              "default": true
            }
          ],
          "store_path": "/nix/store/xr2p0ghgny9bgbrdqgv5z38nsp0zlnp0-composer-2.7.9"
        }
      }
    },
    "php83Packages.phpstan@2.1.1": {
      "last_modified": "2025-01-25T23:17:58Z",
      "resolved": "github:NixOS/nixpkgs/b582bb5b0d7af253b05d58314b85ab8ec46b8d19#php83Packages.phpstan",
      "source": "devbox-search",
      "version": "2.1.1",
      "systems": {
        "aarch64-darwin": {
          "outputs": [
            {
              "name": "out",
              "path": "/nix/store/jly06w68p2shjrscxgnaw7k04m2bz13h-phpstan-2.1.1",
              "default": true
            }
          ],
          "store_path": "/nix/store/jly06w68p2shjrscxgnaw7k04m2bz13h-phpstan-2.1.1"
        },
        "aarch64-linux": {
          "outputs": [
            {
              "name": "out",
              "path": "/nix/store/id87a78h5ch2lylvf8jpxzs3gscx6vc4-phpstan-2.1.1",
              "default": true
            }
          ],
          "store_path": "/nix/store/id87a78h5ch2lylvf8jpxzs3gscx6vc4-phpstan-2.1.1"
        },
        "x86_64-darwin": {
          "outputs": [
            {
              "name": "out",
              "path": "/nix/store/26li9wcij0y6fbd3gnpin3nvsy6ncka7-phpstan-2.1.1",
              "default": true
            }
          ],
          "store_path": "/nix/store/26li9wcij0y6fbd3gnpin3nvsy6ncka7-phpstan-2.1.1"
        },
        "x86_64-linux": {
          "outputs": [
            {
              "name": "out",
              "path": "/nix/store/r71q2zsjd6r0afnqkhk9s939dwg58jns-phpstan-2.1.1",
              "default": true
            }
          ],
          "store_path": "/nix/store/r71q2zsjd6r0afnqkhk9s939dwg58jns-phpstan-2.1.1"
        }
      }
    },
    "python312@3.12": {
      "last_modified": "2024-06-12T20:55:33Z",
      "plugin_version": "0.0.4",
      "resolved": "github:NixOS/nixpkgs/a9858885e197f984d92d7fe64e9fff6b2e488d40#python312",
      "source": "devbox-search",
      "version": "3.12.3",
      "systems": {
        "aarch64-darwin": {
          "outputs": [
            {
              "name": "out",
              "path": "/nix/store/65ackbgqn02p6fy75rksjbp17zj6440j-python3-3.12.3",
              "default": true
            }
          ],
          "store_path": "/nix/store/65ackbgqn02p6fy75rksjbp17zj6440j-python3-3.12.3"
        },
        "aarch64-linux": {
          "outputs": [
            {
              "name": "out",
              "path": "/nix/store/59siylp1k9i3ch4d9m3vs5jp5z56b5sg-python3-3.12.3",
              "default": true
            },
            {
              "name": "debug",
              "path": "/nix/store/ji094818a78hrkag26202b21nr5v1pgk-python3-3.12.3-debug"
            }
          ],
          "store_path": "/nix/store/59siylp1k9i3ch4d9m3vs5jp5z56b5sg-python3-3.12.3"
        },
        "x86_64-darwin": {
          "outputs": [
            {
              "name": "out",
              "path": "/nix/store/nrskm5p85y6751k02ih51bpzfag8g5r8-python3-3.12.3",
              "default": true
            }
          ],
          "store_path": "/nix/store/nrskm5p85y6751k02ih51bpzfag8g5r8-python3-3.12.3"
        },
        "x86_64-linux": {
          "outputs": [
            {
              "name": "out",
              "path": "/nix/store/zwvdwiw0zg5liz6lkkkqyab035parhld-python3-3.12.3",
              "default": true
            },
            {
              "name": "debug",
              "path": "/nix/store/wj6mffmpvly3md2hqnq2jj8zrrw5qck9-python3-3.12.3-debug"
            }
          ],
          "store_path": "/nix/store/zwvdwiw0zg5liz6lkkkqyab035parhld-python3-3.12.3"
        }
      }
    },
    "yarn@1.22": {
      "last_modified": "2025-01-19T08:16:51Z",
      "resolved": "github:NixOS/nixpkgs/50165c4f7eb48ce82bd063e1fb8047a0f515f8ce#yarn",
      "source": "devbox-search",
      "version": "1.22.22",
      "systems": {
        "aarch64-darwin": {
          "outputs": [
            {
              "name": "out",
              "path": "/nix/store/mmfij7f7gmdwj7s2w37papznjbz68y87-yarn-1.22.22",
              "default": true
            }
          ],
          "store_path": "/nix/store/mmfij7f7gmdwj7s2w37papznjbz68y87-yarn-1.22.22"
        },
        "aarch64-linux": {
          "outputs": [
            {
              "name": "out",
              "path": "/nix/store/gvmr94wic9z2nq310cf85nr4z39p0y7m-yarn-1.22.22",
              "default": true
            }
          ],
          "store_path": "/nix/store/gvmr94wic9z2nq310cf85nr4z39p0y7m-yarn-1.22.22"
        },
        "x86_64-darwin": {
          "outputs": [
            {
              "name": "out",
              "path": "/nix/store/zm8a8x82cbrmn6g46ia30whn4bz0s22c-yarn-1.22.22",
              "default": true
            }
          ],
          "store_path": "/nix/store/zm8a8x82cbrmn6g46ia30whn4bz0s22c-yarn-1.22.22"
        },
        "x86_64-linux": {
          "outputs": [
            {
              "name": "out",
              "path": "/nix/store/ya1438dfd9wd41lkhyr85wpni9g3zskb-yarn-1.22.22",
              "default": true
            }
          ],
          "store_path": "/nix/store/ya1438dfd9wd41lkhyr85wpni9g3zskb-yarn-1.22.22"
        }
      }
    }
  }
}
