# @generated - this file is auto-generated by `mise lock` https://mise.jdx.dev/dev-tools/mise-lock.html

[[tools.go]]
version = "1.26.5"
backend = "core:go"

[tools.go."platforms.linux-arm64"]
checksum = "sha256:fe4789e92b1f33358680864bbe8704289e7bb5fc207d80623c308935bd696d49"
url = "https://dl.google.com/go/go1.26.5.linux-arm64.tar.gz"

[tools.go."platforms.linux-arm64-musl"]
checksum = "sha256:fe4789e92b1f33358680864bbe8704289e7bb5fc207d80623c308935bd696d49"
url = "https://dl.google.com/go/go1.26.5.linux-arm64.tar.gz"

[tools.go."platforms.linux-x64"]
checksum = "sha256:5c2c3b16caefa1d968a94c1daca04a7ca301a496d9b086e17ad77bb81393f053"
url = "https://dl.google.com/go/go1.26.5.linux-amd64.tar.gz"

[tools.go."platforms.linux-x64-musl"]
checksum = "sha256:5c2c3b16caefa1d968a94c1daca04a7ca301a496d9b086e17ad77bb81393f053"
url = "https://dl.google.com/go/go1.26.5.linux-amd64.tar.gz"

[tools.go."platforms.macos-arm64"]
checksum = "sha256:efb87ff28af9a188d0536ef5d42e63dd52ba8263cd7344a993cc48dd11dedb6a"
url = "https://dl.google.com/go/go1.26.5.darwin-arm64.tar.gz"

[tools.go."platforms.macos-x64"]
checksum = "sha256:6231d8d3b8f5552ec6cbf6d685bdd5482e1e703214b120e89b3bf0d7bf1ef725"
url = "https://dl.google.com/go/go1.26.5.darwin-amd64.tar.gz"

[tools.go."platforms.windows-x64"]
checksum = "sha256:97e6b2a833b6d89f9ff17d25419ac0a7e3b482a044e9ab18cdef834bd834fd38"
url = "https://dl.google.com/go/go1.26.5.windows-amd64.zip"

[[tools.gradle]]
version = "8.14.4"
backend = "aqua:gradle/gradle"

[tools.gradle."platforms.linux-arm64"]
checksum = "sha256:f1771298a70f6db5a29daf62378c4e18a17fc33c9ba6b14362e0cdf40610380d"
url = "https://github.com/gradle/gradle-distributions/releases/download/v8.14.4/gradle-8.14.4-bin.zip"
url_api = "https://api.github.com/repos/gradle/gradle-distributions/releases/assets/344871718"

[tools.gradle."platforms.linux-arm64-musl"]
checksum = "sha256:f1771298a70f6db5a29daf62378c4e18a17fc33c9ba6b14362e0cdf40610380d"
url = "https://github.com/gradle/gradle-distributions/releases/download/v8.14.4/gradle-8.14.4-bin.zip"
url_api = "https://api.github.com/repos/gradle/gradle-distributions/releases/assets/344871718"

[tools.gradle."platforms.linux-x64"]
checksum = "sha256:f1771298a70f6db5a29daf62378c4e18a17fc33c9ba6b14362e0cdf40610380d"
url = "https://github.com/gradle/gradle-distributions/releases/download/v8.14.4/gradle-8.14.4-bin.zip"
url_api = "https://api.github.com/repos/gradle/gradle-distributions/releases/assets/344871718"

[tools.gradle."platforms.linux-x64-musl"]
checksum = "sha256:f1771298a70f6db5a29daf62378c4e18a17fc33c9ba6b14362e0cdf40610380d"
url = "https://github.com/gradle/gradle-distributions/releases/download/v8.14.4/gradle-8.14.4-bin.zip"
url_api = "https://api.github.com/repos/gradle/gradle-distributions/releases/assets/344871718"

[tools.gradle."platforms.macos-arm64"]
checksum = "sha256:f1771298a70f6db5a29daf62378c4e18a17fc33c9ba6b14362e0cdf40610380d"
url = "https://github.com/gradle/gradle-distributions/releases/download/v8.14.4/gradle-8.14.4-bin.zip"
url_api = "https://api.github.com/repos/gradle/gradle-distributions/releases/assets/344871718"

[tools.gradle."platforms.macos-x64"]
checksum = "sha256:f1771298a70f6db5a29daf62378c4e18a17fc33c9ba6b14362e0cdf40610380d"
url = "https://github.com/gradle/gradle-distributions/releases/download/v8.14.4/gradle-8.14.4-bin.zip"
url_api = "https://api.github.com/repos/gradle/gradle-distributions/releases/assets/344871718"

[tools.gradle."platforms.windows-x64"]
checksum = "sha256:f1771298a70f6db5a29daf62378c4e18a17fc33c9ba6b14362e0cdf40610380d"
url = "https://github.com/gradle/gradle-distributions/releases/download/v8.14.4/gradle-8.14.4-bin.zip"
url_api = "https://api.github.com/repos/gradle/gradle-distributions/releases/assets/344871718"

[[tools.java]]
version = "17.0.2"
backend = "core:java"

[tools.java.options]
shorthand_vendor = "openjdk"

[tools.java."platforms.linux-arm64"]
checksum = "sha256:13bfd976acf8803f862e82c7113fb0e9311ca5458b1decaef8a09ffd91119fa4"
url = "https://download.java.net/java/GA/jdk17.0.2/dfd4a8d0985749f896bed50d7138ee7f/8/GPL/openjdk-17.0.2_linux-aarch64_bin.tar.gz"

[tools.java."platforms.linux-x64"]
checksum = "sha256:0022753d0cceecacdd3a795dd4cea2bd7ffdf9dc06e22ffd1be98411742fbb44"
url = "https://download.java.net/java/GA/jdk17.0.2/dfd4a8d0985749f896bed50d7138ee7f/8/GPL/openjdk-17.0.2_linux-x64_bin.tar.gz"

[tools.java."platforms.macos-arm64"]
checksum = "sha256:602d7de72526368bb3f80d95c4427696ea639d2e0cc40455f53ff0bbb18c27c8"
url = "https://download.java.net/java/GA/jdk17.0.2/dfd4a8d0985749f896bed50d7138ee7f/8/GPL/openjdk-17.0.2_macos-aarch64_bin.tar.gz"

[tools.java."platforms.macos-x64"]
checksum = "sha256:b85c4aaf7b141825ad3a0ea34b965e45c15d5963677e9b27235aa05f65c6df06"
url = "https://download.java.net/java/GA/jdk17.0.2/dfd4a8d0985749f896bed50d7138ee7f/8/GPL/openjdk-17.0.2_macos-x64_bin.tar.gz"

[tools.java."platforms.windows-x64"]
checksum = "sha256:b2208206bda47f2e0c971a39e057a5ec32c40b503d71e486790cb728d926b615"
url = "https://download.java.net/java/GA/jdk17.0.2/dfd4a8d0985749f896bed50d7138ee7f/8/GPL/openjdk-17.0.2_windows-x64_bin.zip"

[[tools.node]]
version = "20.20.2"
backend = "core:node"

[tools.node."platforms.linux-arm64"]
checksum = "sha256:47ef73d543ecf6eb19435f6c03a0ac4809b3bf0dd6b26c7c571efc2a6572a74d"
url = "https://nodejs.org/dist/v20.20.2/node-v20.20.2-linux-arm64.tar.gz"

[tools.node."platforms.linux-arm64-musl"]
checksum = "sha256:7549872a8d1be4670d5219f39dc0aed6e6432c976f3cd25543bc249aa850f041"
url = "https://unofficial-builds.nodejs.org/download/release/v20.20.2/node-v20.20.2-linux-arm64-musl.tar.gz"

[tools.node."platforms.linux-x64"]
checksum = "sha256:19e56f0825510207dd904f087fe52faa0a4eb6b2aab5f0ea7a33830d04888b8b"
url = "https://nodejs.org/dist/v20.20.2/node-v20.20.2-linux-x64.tar.gz"

[tools.node."platforms.linux-x64-musl"]
checksum = "sha256:0a335b43b5f0a3279d9c411b333a55ce98c02b875ba14033952c809ef89ac773"
url = "https://unofficial-builds.nodejs.org/download/release/v20.20.2/node-v20.20.2-linux-x64-musl.tar.gz"

[tools.node."platforms.macos-arm64"]
checksum = "sha256:466e05f3477c20dfb723054dfebffe55bc74660ee77f612166fca121dacb65b6"
url = "https://nodejs.org/dist/v20.20.2/node-v20.20.2-darwin-arm64.tar.gz"

[tools.node."platforms.macos-x64"]
checksum = "sha256:8be6f5e4bb128c82774f8a0b8d7a1cc1365a7977d9657cece0ca647b3fe04e61"
url = "https://nodejs.org/dist/v20.20.2/node-v20.20.2-darwin-x64.tar.gz"

[tools.node."platforms.windows-x64"]
checksum = "sha256:dc3700fdd57a63eedb8fd7e3c7baaa32e6a740a1b904167ff4204bc68ed8bf77"
url = "https://nodejs.org/dist/v20.20.2/node-v20.20.2-win-x64.zip"

[[tools.php]]
version = "8.3.31"
backend = "vfox:php"

[tools.php."platforms.linux-arm64"]
url = "https://dl.static-php.dev/static-php-cli/bulk/php-8.3.31-cli-linux-aarch64.tar.gz"

[tools.php."platforms.linux-arm64-musl"]
url = "https://dl.static-php.dev/static-php-cli/bulk/php-8.3.31-cli-linux-aarch64.tar.gz"

[tools.php."platforms.linux-x64"]
url = "https://dl.static-php.dev/static-php-cli/bulk/php-8.3.31-cli-linux-x86_64.tar.gz"

[tools.php."platforms.linux-x64-musl"]
url = "https://dl.static-php.dev/static-php-cli/bulk/php-8.3.31-cli-linux-x86_64.tar.gz"

[tools.php."platforms.macos-arm64"]
url = "https://dl.static-php.dev/static-php-cli/bulk/php-8.3.31-cli-macos-aarch64.tar.gz"

[tools.php."platforms.macos-x64"]
url = "https://dl.static-php.dev/static-php-cli/bulk/php-8.3.31-cli-macos-x86_64.tar.gz"

[[tools.python]]
version = "3.12.13"
backend = "core:python"

[tools.python."platforms.linux-arm64"]
checksum = "sha256:b85154b9c7ca9de3f85f2c9f032d503151db16ef198de86b885fc61890c075ed"
url = "https://github.com/astral-sh/python-build-standalone/releases/download/20260623/cpython-3.12.13+20260623-aarch64-unknown-linux-gnu-install_only_stripped.tar.gz"
provenance = "github-attestations"

[tools.python."platforms.linux-arm64-musl"]
checksum = "sha256:66f59eb91a2c7e4fe11201e71d23abf1e14730e37d7ae86c68c50124f7c6d5b7"
url = "https://github.com/astral-sh/python-build-standalone/releases/download/20260623/cpython-3.12.13+20260623-aarch64-unknown-linux-musl-install_only_stripped.tar.gz"
provenance = "github-attestations"

[tools.python."platforms.linux-x64"]
checksum = "sha256:10a452caac7041357805f0c19a60576df53f1ab06d1abfc9200f1f0157cb3bd1"
url = "https://github.com/astral-sh/python-build-standalone/releases/download/20260623/cpython-3.12.13+20260623-x86_64-unknown-linux-gnu-install_only_stripped.tar.gz"
provenance = "github-attestations"

[tools.python."platforms.linux-x64-musl"]
checksum = "sha256:c97f849b60b7baf80c5fe734e905a777d668be86bf530274041682a7a7b239da"
url = "https://github.com/astral-sh/python-build-standalone/releases/download/20260623/cpython-3.12.13+20260623-x86_64-unknown-linux-musl-install_only_stripped.tar.gz"
provenance = "github-attestations"

[tools.python."platforms.macos-arm64"]
checksum = "sha256:41df7d3ae4757e84b97874f76d634268456aaa271740d33f968d826374998fb7"
url = "https://github.com/astral-sh/python-build-standalone/releases/download/20260623/cpython-3.12.13+20260623-aarch64-apple-darwin-install_only_stripped.tar.gz"
provenance = "github-attestations"

[tools.python."platforms.macos-x64"]
checksum = "sha256:a6bbea996c5f14eb55ab275889d2df45408deec504b4a7219d7b59c045b2555e"
url = "https://github.com/astral-sh/python-build-standalone/releases/download/20260623/cpython-3.12.13+20260623-x86_64-apple-darwin-install_only_stripped.tar.gz"
provenance = "github-attestations"

[tools.python."platforms.windows-x64"]
checksum = "sha256:de3e362376859b060fa8b856c434efa81fcf6d4ede3d6e177c7e2169670cac50"
url = "https://github.com/astral-sh/python-build-standalone/releases/download/20260623/cpython-3.12.13+20260623-x86_64-pc-windows-msvc-install_only_stripped.tar.gz"
provenance = "github-attestations"

[[tools.yarn]]
version = "1.22.22"
backend = "vfox:mise-plugins/vfox-yarn"

[tools.yarn."platforms.linux-arm64"]
url = "https://classic.yarnpkg.com/downloads/1.22.22/yarn-v1.22.22.tar.gz"

[tools.yarn."platforms.linux-arm64-musl"]
url = "https://classic.yarnpkg.com/downloads/1.22.22/yarn-v1.22.22.tar.gz"

[tools.yarn."platforms.linux-x64"]
url = "https://classic.yarnpkg.com/downloads/1.22.22/yarn-v1.22.22.tar.gz"

[tools.yarn."platforms.linux-x64-musl"]
url = "https://classic.yarnpkg.com/downloads/1.22.22/yarn-v1.22.22.tar.gz"

[tools.yarn."platforms.macos-arm64"]
url = "https://classic.yarnpkg.com/downloads/1.22.22/yarn-v1.22.22.tar.gz"

[tools.yarn."platforms.macos-x64"]
url = "https://classic.yarnpkg.com/downloads/1.22.22/yarn-v1.22.22.tar.gz"

[tools.yarn."platforms.windows-x64"]
url = "https://classic.yarnpkg.com/downloads/1.22.22/yarn-v1.22.22.tar.gz"
