{
    "_readme": [
        "This file locks the dependencies of your project to a known state",
        "Read more about it at https://getcomposer.org/doc/01-basic-usage.md#installing-dependencies",
        "This file is @generated automatically"
    ],
    "content-hash": "18783d516b0b533fa8cc2722ffddcbfa",
    "packages": [
        {
            "name": "grafana/foundation-sdk",
            "version": "v0.0.7",
            "source": {
                "type": "git",
                "url": "https://github.com/grafana/grafana-foundation-sdk.git",
                "reference": "af02db348903ecd95d3a732fef881bc71ddd0714"
            },
            "dist": {
                "type": "zip",
                "url": "https://api.github.com/repos/grafana/grafana-foundation-sdk/zipball/af02db348903ecd95d3a732fef881bc71ddd0714",
                "reference": "af02db348903ecd95d3a732fef881bc71ddd0714",
                "shasum": ""
            },
            "type": "library",
            "autoload": {
                "psr-4": {
                    "Grafana\\Foundation\\": "php/src/"
                }
            },
            "notification-url": "https://packagist.org/downloads/",
            "license": [
                "Apache-2.0"
            ],
            "description": "A set of tools, types and libraries for building and manipulating Grafana objects.",
            "homepage": "https://github.com/grafana/grafana-foundation-sdk",
            "keywords": [
                "Metrics",
                "grafana",
                "logs",
                "observability",
                "sdk",
                "traces"
            ],
            "support": {
                "issues": "https://github.com/grafana/grafana-foundation-sdk/issues",
                "source": "https://github.com/grafana/grafana-foundation-sdk/tree/v0.0.7"
            },
            "time": "2026-02-13T21:53:34+00:00"
        }
    ],
    "packages-dev": [],
    "aliases": [],
    "minimum-stability": "stable",
    "stability-flags": [],
    "prefer-stable": false,
    "prefer-lowest": false,
    "platform": [],
    "platform-dev": [],
    "plugin-api-version": "2.6.0"
}
